// !$*UTF8*$!
{
	archiveVersion = 1;
	classes = {
	};
	objectVersion = 48;
	objects = {

/* Begin PBXBuildFile section */
		3E735C7720200FAF000EE1A8 /* AppDelegate.m in Sources */ = {isa = PBXBuildFile; fileRef = 3E735C7620200FAF000EE1A8 /* AppDelegate.m */; };
		3E735C7A20200FAF000EE1A8 /* ViewController.m in Sources */ = {isa = PBXBuildFile; fileRef = 3E735C7920200FAF000EE1A8 /* ViewController.m */; };
		3E735C7D20200FAF000EE1A8 /* Main.storyboard in Resources */ = {isa = PBXBuildFile; fileRef = 3E735C7B20200FAF000EE1A8 /* Main.storyboard */; };
		3E735C7F20200FAF000EE1A8 /* Assets.xcassets in Resources */ = {isa = PBXBuildFile; fileRef = 3E735C7E20200FAF000EE1A8 /* Assets.xcassets */; };
		3E735C8220200FAF000EE1A8 /* LaunchScreen.storyboard in Resources */ = {isa = PBXBuildFile; fileRef = 3E735C8020200FAF000EE1A8 /* LaunchScreen.storyboard */; };
		3E735C8520200FAF000EE1A8 /* main.m in Sources */ = {isa = PBXBuildFile; fileRef = 3E735C8420200FAF000EE1A8 /* main.m */; };
		3E735C8F20200FB0000EE1A8 /* WHEmptyPageViewDemoTests.m in Sources */ = {isa = PBXBuildFile; fileRef = 3E735C8E20200FB0000EE1A8 /* WHEmptyPageViewDemoTests.m */; };
		3E735C9A20200FB0000EE1A8 /* WHEmptyPageViewDemoUITests.m in Sources */ = {isa = PBXBuildFile; fileRef = 3E735C9920200FB0000EE1A8 /* WHEmptyPageViewDemoUITests.m */; };
/* End PBXBuildFile section */

/* Begin PBXContainerItemProxy section */
		3E735C8B20200FB0000EE1A8 /* PBXContainerItemProxy */ = {
			isa = PBXContainerItemProxy;
			containerPortal = 3E735C6A20200FAF000EE1A8 /* Project object */;
			proxyType = 1;
			remoteGlobalIDString = 3E735C7120200FAF000EE1A8;
			remoteInfo = WHEmptyPageViewDemo;
		};
		3E735C9620200FB0000EE1A8 /* PBXContainerItemProxy */ = {
			isa = PBXContainerItemProxy;
			containerPortal = 3E735C6A20200FAF000EE1A8 /* Project object */;
			proxyType = 1;
			remoteGlobalIDString = 3E735C7120200FAF000EE1A8;
			remoteInfo = WHEmptyPageViewDemo;
		};
/* End PBXContainerItemProxy section */

/* Begin PBXFileReference section */
		3E735C7220200FAF000EE1A8 /* WHEmptyPageViewDemo.app */ = {isa = PBXFileReference; explicitFileType = wrapper.application; includeInIndex = 0; path = WHEmptyPageViewDemo.app; sourceTree = BUILT_PRODUCTS_DIR; };
		3E735C7520200FAF000EE1A8 /* AppDelegate.h */ = {isa = PBXFileReference; lastKnownFileType = sourcecode.c.h; path = AppDelegate.h; sourceTree = "<group>"; };
		3E735C7620200FAF000EE1A8 /* AppDelegate.m */ = {isa = PBXFileReference; lastKnownFileType = sourcecode.c.objc; path = AppDelegate.m; sourceTree = "<group>"; };
		3E735C7820200FAF000EE1A8 /* ViewController.h */ = {isa = PBXFileReference; lastKnownFileType = sourcecode.c.h; path = ViewController.h; sourceTree = "<group>"; };
		3E735C7920200FAF000EE1A8 /* ViewController.m */ = {isa = PBXFileReference; lastKnownFileType = sourcecode.c.objc; path = ViewController.m; sourceTree = "<group>"; };
		3E735C7C20200FAF000EE1A8 /* Base */ = {isa = PBXFileReference; lastKnownFileType = file.storyboard; name = Base; path = Base.lproj/Main.storyboard; sourceTree = "<group>"; };
		3E735C7E20200FAF000EE1A8 /* Assets.xcassets */ = {isa = PBXFileReference; lastKnownFileType = folder.assetcatalog; path = Assets.xcassets; sourceTree = "<group>"; };
		3E735C8120200FAF000EE1A8 /* Base */ = {isa = PBXFileReference; lastKnownFileType = file.storyboard; name = Base; path = Base.lproj/LaunchScreen.storyboard; sourceTree = "<group>"; };
		3E735C8320200FAF000EE1A8 /* Info.plist */ = {isa = PBXFileReference; lastKnownFileType = text.plist.xml; path = Info.plist; sourceTree = "<group>"; };
		3E735C8420200FAF000EE1A8 /* main.m */ = {isa = PBXFileReference; lastKnownFileType = sourcecode.c.objc; path = main.m; sourceTree = "<group>"; };
		3E735C8A20200FB0000EE1A8 /* WHEmptyPageViewDemoTests.xctest */ = {isa = PBXFileReference; explicitFileType = wrapper.cfbundle; includeInIndex = 0; path = WHEmptyPageViewDemoTests.xctest; sourceTree = BUILT_PRODUCTS_DIR; };
		3E735C8E20200FB0000EE1A8 /* WHEmptyPageViewDemoTests.m */ = {isa = PBXFileReference; lastKnownFileType = sourcecode.c.objc; path = WHEmptyPageViewDemoTests.m; sourceTree = "<group>"; };
		3E735C9020200FB0000EE1A8 /* Info.plist */ = {isa = PBXFileReference; lastKnownFileType = text.plist.xml; path = Info.plist; sourceTree = "<group>"; };
		3E735C9520200FB0000EE1A8 /* WHEmptyPageViewDemoUITests.xctest */ = {isa = PBXFileReference; explicitFileType = wrapper.cfbundle; includeInIndex = 0; path = WHEmptyPageViewDemoUITests.xctest; sourceTree = BUILT_PRODUCTS_DIR; };
		3E735C9920200FB0000EE1A8 /* WHEmptyPageViewDemoUITests.m */ = {isa = PBXFileReference; lastKnownFileType = sourcecode.c.objc; path = WHEmptyPageViewDemoUITests.m; sourceTree = "<group>"; };
		3E735C9B20200FB0000EE1A8 /* Info.plist */ = {isa = PBXFileReference; lastKnownFileType = text.plist.xml; path = Info.plist; sourceTree = "<group>"; };
/* End PBXFileReference section */

/* Begin PBXFrameworksBuildPhase section */
		3E735C6F20200FAF000EE1A8 /* Frameworks */ = {
			isa = PBXFrameworksBuildPhase;
			buildActionMask = 2147483647;
			files = (
			);
			runOnlyForDeploymentPostprocessing = 0;
		};
		3E735C8720200FB0000EE1A8 /* Frameworks */ = {
			isa = PBXFrameworksBuildPhase;
			buildActionMask = 2147483647;
			files = (
			);
			runOnlyForDeploymentPostprocessing = 0;
		};
		3E735C9220200FB0000EE1A8 /* Frameworks */ = {
			isa = PBXFrameworksBuildPhase;
			buildActionMask = 2147483647;
			files = (
			);
			runOnlyForDeploymentPostprocessing = 0;
		};
/* End PBXFrameworksBuildPhase section */

/* Begin PBXGroup section */
		3E735C6920200FAF000EE1A8 = {
			isa = PBXGroup;
			children = (
				3E735C7420200FAF000EE1A8 /* WHEmptyPageViewDemo */,
				3E735C8D20200FB0000EE1A8 /* WHEmptyPageViewDemoTests */,
				3E735C9820200FB0000EE1A8 /* WHEmptyPageViewDemoUITests */,
				3E735C7320200FAF000EE1A8 /* Products */,
			);
			sourceTree = "<group>";
		};
		3E735C7320200FAF000EE1A8 /* Products */ = {
			isa = PBXGroup;
			children = (
				3E735C7220200FAF000EE1A8 /* WHEmptyPageViewDemo.app */,
				3E735C8A20200FB0000EE1A8 /* WHEmptyPageViewDemoTests.xctest */,
				3E735C9520200FB0000EE1A8 /* WHEmptyPageViewDemoUITests.xctest */,
			);
			name = Products;
			sourceTree = "<group>";
		};
		3E735C7420200FAF000EE1A8 /* WHEmptyPageViewDemo */ = {
			isa = PBXGroup;
			children = (
				3E735C7520200FAF000EE1A8 /* AppDelegate.h */,
				3E735C7620200FAF000EE1A8 /* AppDelegate.m */,
				3E735C7820200FAF000EE1A8 /* ViewController.h */,
				3E735C7920200FAF000EE1A8 /* ViewController.m */,
				3E735C7B20200FAF000EE1A8 /* Main.storyboard */,
				3E735C7E20200FAF000EE1A8 /* Assets.xcassets */,
				3E735C8020200FAF000EE1A8 /* LaunchScreen.storyboard */,
				3E735C8320200FAF000EE1A8 /* Info.plist */,
				3E735C8420200FAF000EE1A8 /* main.m */,
			);
			path = WHEmptyPageViewDemo;
			sourceTree = "<group>";
		};
		3E735C8D20200FB0000EE1A8 /* WHEmptyPageViewDemoTests */ = {
			isa = PBXGroup;
			children = (
				3E735C8E20200FB0000EE1A8 /* WHEmptyPageViewDemoTests.m */,
				3E735C9020200FB0000EE1A8 /* Info.plist */,
			);
			path = WHEmptyPageViewDemoTests;
			sourceTree = "<group>";
		};
		3E735C9820200FB0000EE1A8 /* WHEmptyPageViewDemoUITests */ = {
			isa = PBXGroup;
			children = (
				3E735C9920200FB0000EE1A8 /* WHEmptyPageViewDemoUITests.m */,
				3E735C9B20200FB0000EE1A8 /* Info.plist */,
			);
			path = WHEmptyPageViewDemoUITests;
			sourceTree = "<group>";
		};
/* End PBXGroup section */

/* Begin PBXNativeTarget section */
		3E735C7120200FAF000EE1A8 /* WHEmptyPageViewDemo */ = {
			isa = PBXNativeTarget;
			buildConfigurationList = 3E735C9E20200FB0000EE1A8 /* Build configuration list for PBXNativeTarget "WHEmptyPageViewDemo" */;
			buildPhases = (
				3E735C6E20200FAF000EE1A8 /* Sources */,
				3E735C6F20200FAF000EE1A8 /* Frameworks */,
				3E735C7020200FAF000EE1A8 /* Resources */,
			);
			buildRules = (
			);
			dependencies = (
			);
			name = WHEmptyPageViewDemo;
			productName = WHEmptyPageViewDemo;
			productReference = 3E735C7220200FAF000EE1A8 /* WHEmptyPageViewDemo.app */;
			productType = "com.apple.product-type.application";
		};
		3E735C8920200FB0000EE1A8 /* WHEmptyPageViewDemoTests */ = {
			isa = PBXNativeTarget;
			buildConfigurationList = 3E735CA120200FB0000EE1A8 /* Build configuration list for PBXNativeTarget "WHEmptyPageViewDemoTests" */;
			buildPhases = (
				3E735C8620200FB0000EE1A8 /* Sources */,
				3E735C8720200FB0000EE1A8 /* Frameworks */,
				3E735C8820200FB0000EE1A8 /* Resources */,
			);
			buildRules = (
			);
			dependencies = (
				3E735C8C20200FB0000EE1A8 /* PBXTargetDependency */,
			);
			name = WHEmptyPageViewDemoTests;
			productName = WHEmptyPageViewDemoTests;
			productReference = 3E735C8A20200FB0000EE1A8 /* WHEmptyPageViewDemoTests.xctest */;
			productType = "com.apple.product-type.bundle.unit-test";
		};
		3E735C9420200FB0000EE1A8 /* WHEmptyPageViewDemoUITests */ = {
			isa = PBXNativeTarget;
			buildConfigurationList = 3E735CA420200FB0000EE1A8 /* Build configuration list for PBXNativeTarget "WHEmptyPageViewDemoUITests" */;
			buildPhases = (
				3E735C9120200FB0000EE1A8 /* Sources */,
				3E735C9220200FB0000EE1A8 /* Frameworks */,
				3E735C9320200FB0000EE1A8 /* Resources */,
			);
			buildRules = (
			);
			dependencies = (
				3E735C9720200FB0000EE1A8 /* PBXTargetDependency */,
			);
			name = WHEmptyPageViewDemoUITests;
			productName = WHEmptyPageViewDemoUITests;
			productReference = 3E735C9520200FB0000EE1A8 /* WHEmptyPageViewDemoUITests.xctest */;
			productType = "com.apple.product-type.bundle.ui-testing";
		};
/* End PBXNativeTarget section */

/* Begin PBXProject section */
		3E735C6A20200FAF000EE1A8 /* Project object */ = {
			isa = PBXProject;
			attributes = {
				LastUpgradeCheck = 0920;
				ORGANIZATIONNAME = "王红";
				TargetAttributes = {
					3E735C7120200FAF000EE1A8 = {
						CreatedOnToolsVersion = 9.2;
						ProvisioningStyle = Automatic;
					};
					3E735C8920200FB0000EE1A8 = {
						CreatedOnToolsVersion = 9.2;
						ProvisioningStyle = Automatic;
						TestTargetID = 3E735C7120200FAF000EE1A8;
					};
					3E735C9420200FB0000EE1A8 = {
						CreatedOnToolsVersion = 9.2;
						ProvisioningStyle = Automatic;
						TestTargetID = 3E735C7120200FAF000EE1A8;
					};
				};
			};
			buildConfigurationList = 3E735C6D20200FAF000EE1A8 /* Build configuration list for PBXProject "WHEmptyPageViewDemo" */;
			compatibilityVersion = "Xcode 8.0";
			developmentRegion = en;
			hasScannedForEncodings = 0;
			knownRegions = (
				en,
				Base,
			);
			mainGroup = 3E735C6920200FAF000EE1A8;
			productRefGroup = 3E735C7320200FAF000EE1A8 /* Products */;
			projectDirPath = "";
			projectRoot = "";
			targets = (
				3E735C7120200FAF000EE1A8 /* WHEmptyPageViewDemo */,
				3E735C8920200FB0000EE1A8 /* WHEmptyPageViewDemoTests */,
				3E735C9420200FB0000EE1A8 /* WHEmptyPageViewDemoUITests */,
			);
		};
/* End PBXProject section */

/* Begin PBXResourcesBuildPhase section */
		3E735C7020200FAF000EE1A8 /* Resources */ = {
			isa = PBXResourcesBuildPhase;
			buildActionMask = 2147483647;
			files = (
				3E735C8220200FAF000EE1A8 /* LaunchScreen.storyboard in Resources */,
				3E735C7F20200FAF000EE1A8 /* Assets.xcassets in Resources */,
				3E735C7D20200FAF000EE1A8 /* Main.storyboard in Resources */,
			);
			runOnlyForDeploymentPostprocessing = 0;
		};
		3E735C8820200FB0000EE1A8 /* Resources */ = {
			isa = PBXResourcesBuildPhase;
			buildActionMask = 2147483647;
			files = (
			);
			runOnlyForDeploymentPostprocessing = 0;
		};
		3E735C9320200FB0000EE1A8 /* Resources */ = {
			isa = PBXResourcesBuildPhase;
			buildActionMask = 2147483647;
			files = (
			);
			runOnlyForDeploymentPostprocessing = 0;
		};
/* End PBXResourcesBuildPhase section */

/* Begin PBXSourcesBuildPhase section */
		3E735C6E20200FAF000EE1A8 /* Sources */ = {
			isa = PBXSourcesBuildPhase;
			buildActionMask = 2147483647;
			files = (
				3E735C7A20200FAF000EE1A8 /* ViewController.m in Sources */,
				3E735C8520200FAF000EE1A8 /* main.m in Sources */,
				3E735C7720200FAF000EE1A8 /* AppDelegate.m in Sources */,
			);
			runOnlyForDeploymentPostprocessing = 0;
		};
		3E735C8620200FB0000EE1A8 /* Sources */ = {
			isa = PBXSourcesBuildPhase;
			buildActionMask = 2147483647;
			files = (
				3E735C8F20200FB0000EE1A8 /* WHEmptyPageViewDemoTests.m in Sources */,
			);
			runOnlyForDeploymentPostprocessing = 0;
		};
		3E735C9120200FB0000EE1A8 /* Sources */ = {
			isa = PBXSourcesBuildPhase;
			buildActionMask = 2147483647;
			files = (
				3E735C9A20200FB0000EE1A8 /* WHEmptyPageViewDemoUITests.m in Sources */,
			);
			runOnlyForDeploymentPostprocessing = 0;
		};
/* End PBXSourcesBuildPhase section */

/* Begin PBXTargetDependency section */
		3E735C8C20200FB0000EE1A8 /* PBXTargetDependency */ = {
			isa = PBXTargetDependency;
			target = 3E735C7120200FAF000EE1A8 /* WHEmptyPageViewDemo */;
			targetProxy = 3E735C8B20200FB0000EE1A8 /* PBXContainerItemProxy */;
		};
		3E735C9720200FB0000EE1A8 /* PBXTargetDependency */ = {
			isa = PBXTargetDependency;
			target = 3E735C7120200FAF000EE1A8 /* WHEmptyPageViewDemo */;
			targetProxy = 3E735C9620200FB0000EE1A8 /* PBXContainerItemProxy */;
		};
/* End PBXTargetDependency section */

/* Begin PBXVariantGroup section */
		3E735C7B20200FAF000EE1A8 /* Main.storyboard */ = {
			isa = PBXVariantGroup;
			children = (
				3E735C7C20200FAF000EE1A8 /* Base */,
			);
			name = Main.storyboard;
			sourceTree = "<group>";
		};
		3E735C8020200FAF000EE1A8 /* LaunchScreen.storyboard */ = {
			isa = PBXVariantGroup;
			children = (
				3E735C8120200FAF000EE1A8 /* Base */,
			);
			name = LaunchScreen.storyboard;
			sourceTree = "<group>";
		};
/* End PBXVariantGroup section */

/* Begin XCBuildConfiguration section */
		3E735C9C20200FB0000EE1A8 /* Debug */ = {
			isa = XCBuildConfiguration;
			buildSettings = {
				ALWAYS_SEARCH_USER_PATHS = NO;
				CLANG_ANALYZER_NONNULL = YES;
				CLANG_ANALYZER_NUMBER_OBJECT_CONVERSION = YES_AGGRESSIVE;
				CLANG_CXX_LANGUAGE_STANDARD = "gnu++14";
				CLANG_CXX_LIBRARY = "libc++";
				CLANG_ENABLE_MODULES = YES;
				CLANG_ENABLE_OBJC_ARC = YES;
				CLANG_WARN_BLOCK_CAPTURE_AUTORELEASING = YES;
				CLANG_WARN_BOOL_CONVERSION = YES;
				CLANG_WARN_COMMA = YES;
				CLANG_WARN_CONSTANT_CONVERSION = YES;
				CLANG_WARN_DIRECT_OBJC_ISA_USAGE = YES_ERROR;
				CLANG_WARN_DOCUMENTATION_COMMENTS = YES;
				CLANG_WARN_EMPTY_BODY = YES;
				CLANG_WARN_ENUM_CONVERSION = YES;
				CLANG_WARN_INFINITE_RECURSION = YES;
				CLANG_WARN_INT_CONVERSION = YES;
				CLANG_WARN_NON_LITERAL_NULL_CONVERSION = YES;
				CLANG_WARN_OBJC_LITERAL_CONVERSION = YES;
				CLANG_WARN_OBJC_ROOT_CLASS = YES_ERROR;
				CLANG_WARN_RANGE_LOOP_ANALYSIS = YES;
				CLANG_WARN_STRICT_PROTOTYPES = YES;
				CLANG_WARN_SUSPICIOUS_MOVE = YES;
				CLANG_WARN_UNGUARDED_AVAILABILITY = YES_AGGRESSIVE;
				CLANG_WARN_UNREACHABLE_CODE = YES;
				CLANG_WARN__DUPLICATE_METHOD_MATCH = YES;
				CODE_SIGN_IDENTITY = "iPhone Developer";
				COPY_PHASE_STRIP = NO;
				DEBUG_INFORMATION_FORMAT = dwarf;
				ENABLE_STRICT_OBJC_MSGSEND = YES;
				ENABLE_TESTABILITY = YES;
				GCC_C_LANGUAGE_STANDARD = gnu11;
				GCC_DYNAMIC_NO_PIC = NO;
				GCC_NO_COMMON_BLOCKS = YES;
				GCC_OPTIMIZATION_LEVEL = 0;
				GCC_PREPROCESSOR_DEFINITIONS = (
					"DEBUG=1",
					"$(inherited)",
				);
				GCC_WARN_64_TO_32_BIT_CONVERSION = YES;
				GCC_WARN_ABOUT_RETURN_TYPE = YES_ERROR;
				GCC_WARN_UNDECLARED_SELECTOR = YES;
				GCC_WARN_UNINITIALIZED_AUTOS = YES_AGGRESSIVE;
				GCC_WARN_UNUSED_FUNCTION = YES;
				GCC_WARN_UNUSED_VARIABLE = YES;
				IPHONEOS_DEPLOYMENT_TARGET = 11.2;
				MTL_ENABLE_DEBUG_INFO = YES;
				ONLY_ACTIVE_ARCH = YES;
				SDKROOT = iphoneos;
			};
			name = Debug;
		};
		3E735C9D20200FB0000EE1A8 /* Release */ = {
			isa = XCBuildConfiguration;
			buildSettings = {
				ALWAYS_SEARCH_USER_PATHS = NO;
				CLANG_ANALYZER_NONNULL = YES;
				CLANG_ANALYZER_NUMBER_OBJECT_CONVERSION = YES_AGGRESSIVE;
				CLANG_CXX_LANGUAGE_STANDARD = "gnu++14";
				CLANG_CXX_LIBRARY = "libc++";
				CLANG_ENABLE_MODULES = YES;
				CLANG_ENABLE_OBJC_ARC = YES;
				CLANG_WARN_BLOCK_CAPTURE_AUTORELEASING = YES;
				CLANG_WARN_BOOL_CONVERSION = YES;
				CLANG_WARN_COMMA = YES;
				CLANG_WARN_CONSTANT_CONVERSION = YES;
				CLANG_WARN_DIRECT_OBJC_ISA_USAGE = YES_ERROR;
				CLANG_WARN_DOCUMENTATION_COMMENTS = YES;
				CLANG_WARN_EMPTY_BODY = YES;
				CLANG_WARN_ENUM_CONVERSION = YES;
				CLANG_WARN_INFINITE_RECURSION = YES;
				CLANG_WARN_INT_CONVERSION = YES;
				CLANG_WARN_NON_LITERAL_NULL_CONVERSION = YES;
				CLANG_WARN_OBJC_LITERAL_CONVERSION = YES;
				CLANG_WARN_OBJC_ROOT_CLASS = YES_ERROR;
				CLANG_WARN_RANGE_LOOP_ANALYSIS = YES;
				CLANG_WARN_STRICT_PROTOTYPES = YES;
				CLANG_WARN_SUSPICIOUS_MOVE = YES;
				CLANG_WARN_UNGUARDED_AVAILABILITY = YES_AGGRESSIVE;
				CLANG_WARN_UNREACHABLE_CODE = YES;
				CLANG_WARN__DUPLICATE_METHOD_MATCH = YES;
				CODE_SIGN_IDENTITY = "iPhone Developer";
				COPY_PHASE_STRIP = NO;
				DEBUG_INFORMATION_FORMAT = "dwarf-with-dsym";
				ENABLE_NS_ASSERTIONS = NO;
				ENABLE_STRICT_OBJC_MSGSEND = YES;
				GCC_C_LANGUAGE_STANDARD = gnu11;
				GCC_NO_COMMON_BLOCKS = YES;
				GCC_WARN_64_TO_32_BIT_CONVERSION = YES;
				GCC_WARN_ABOUT_RETURN_TYPE = YES_ERROR;
				GCC_WARN_UNDECLARED_SELECTOR = YES;
				GCC_WARN_UNINITIALIZED_AUTOS = YES_AGGRESSIVE;
				GCC_WARN_UNUSED_FUNCTION = YES;
				GCC_WARN_UNUSED_VARIABLE = YES;
				IPHONEOS_DEPLOYMENT_TARGET = 11.2;
				MTL_ENABLE_DEBUG_INFO = NO;
				SDKROOT = iphoneos;
				VALIDATE_PRODUCT = YES;
			};
			name = Release;
		};
		3E735C9F20200FB0000EE1A8 /* Debug */ = {
			isa = XCBuildConfiguration;
			buildSettings = {
				ASSETCATALOG_COMPILER_APPICON_NAME = AppIcon;
				CODE_SIGN_STYLE = Automatic;
				INFOPLIST_FILE = WHEmptyPageViewDemo/Info.plist;
				LD_RUNPATH_SEARCH_PATHS = "$(inherited) @executable_path/Frameworks";
				PRODUCT_BUNDLE_IDENTIFIER = WH.WHEmptyPageViewDemo;
				PRODUCT_NAME = "$(TARGET_NAME)";
				TARGETED_DEVICE_FAMILY = "1,2";
			};
			name = Debug;
		};
		3E735CA020200FB0000EE1A8 /* Release */ = {
			isa = XCBuildConfiguration;
			buildSettings = {
				ASSETCATALOG_COMPILER_APPICON_NAME = AppIcon;
				CODE_SIGN_STYLE = Automatic;
				INFOPLIST_FILE = WHEmptyPageViewDemo/Info.plist;
				LD_RUNPATH_SEARCH_PATHS = "$(inherited) @executable_path/Frameworks";
				PRODUCT_BUNDLE_IDENTIFIER = WH.WHEmptyPageViewDemo;
				PRODUCT_NAME = "$(TARGET_NAME)";
				TARGETED_DEVICE_FAMILY = "1,2";
			};
			name = Release;
		};
		3E735CA220200FB0000EE1A8 /* Debug */ = {
			isa = XCBuildConfiguration;
			buildSettings = {
				BUNDLE_LOADER = "$(TEST_HOST)";
				CODE_SIGN_STYLE = Automatic;
				INFOPLIST_FILE = WHEmptyPageViewDemoTests/Info.plist;
				LD_RUNPATH_SEARCH_PATHS = "$(inherited) @executable_path/Frameworks @loader_path/Frameworks";
				PRODUCT_BUNDLE_IDENTIFIER = WH.WHEmptyPageViewDemoTests;
				PRODUCT_NAME = "$(TARGET_NAME)";
				TARGETED_DEVICE_FAMILY = "1,2";
				TEST_HOST = "$(BUILT_PRODUCTS_DIR)/WHEmptyPageViewDemo.app/WHEmptyPageViewDemo";
			};
			name = Debug;
		};
		3E735CA320200FB0000EE1A8 /* Release */ = {
			isa = XCBuildConfiguration;
			buildSettings = {
				BUNDLE_LOADER = "$(TEST_HOST)";
				CODE_SIGN_STYLE = Automatic;
				INFOPLIST_FILE = WHEmptyPageViewDemoTests/Info.plist;
				LD_RUNPATH_SEARCH_PATHS = "$(inherited) @executable_path/Frameworks @loader_path/Frameworks";
				PRODUCT_BUNDLE_IDENTIFIER = WH.WHEmptyPageViewDemoTests;
				PRODUCT_NAME = "$(TARGET_NAME)";
				TARGETED_DEVICE_FAMILY = "1,2";
				TEST_HOST = "$(BUILT_PRODUCTS_DIR)/WHEmptyPageViewDemo.app/WHEmptyPageViewDemo";
			};
			name = Release;
		};
		3E735CA520200FB0000EE1A8 /* Debug */ = {
			isa = XCBuildConfiguration;
			buildSettings = {
				CODE_SIGN_STYLE = Automatic;
				INFOPLIST_FILE = WHEmptyPageViewDemoUITests/Info.plist;
				LD_RUNPATH_SEARCH_PATHS = "$(inherited) @executable_path/Frameworks @loader_path/Frameworks";
				PRODUCT_BUNDLE_IDENTIFIER = WH.WHEmptyPageViewDemoUITests;
				PRODUCT_NAME = "$(TARGET_NAME)";
				TARGETED_DEVICE_FAMILY = "1,2";
				TEST_TARGET_NAME = WHEmptyPageViewDemo;
			};
			name = Debug;
		};
		3E735CA620200FB0000EE1A8 /* Release */ = {
			isa = XCBuildConfiguration;
			buildSettings = {
				CODE_SIGN_STYLE = Automatic;
				INFOPLIST_FILE = WHEmptyPageViewDemoUITests/Info.plist;
				LD_RUNPATH_SEARCH_PATHS = "$(inherited) @executable_path/Frameworks @loader_path/Frameworks";
				PRODUCT_BUNDLE_IDENTIFIER = WH.WHEmptyPageViewDemoUITests;
				PRODUCT_NAME = "$(TARGET_NAME)";
				TARGETED_DEVICE_FAMILY = "1,2";
				TEST_TARGET_NAME = WHEmptyPageViewDemo;
			};
			name = Release;
		};
/* End XCBuildConfiguration section */

/* Begin XCConfigurationList section */
		3E735C6D20200FAF000EE1A8 /* Build configuration list for PBXProject "WHEmptyPageViewDemo" */ = {
			isa = XCConfigurationList;
			buildConfigurations = (
				3E735C9C20200FB0000EE1A8 /* Debug */,
				3E735C9D20200FB0000EE1A8 /* Release */,
			);
			defaultConfigurationIsVisible = 0;
			defaultConfigurationName = Release;
		};
		3E735C9E20200FB0000EE1A8 /* Build configuration list for PBXNativeTarget "WHEmptyPageViewDemo" */ = {
			isa = XCConfigurationList;
			buildConfigurations = (
				3E735C9F20200FB0000EE1A8 /* Debug */,
				3E735CA020200FB0000EE1A8 /* Release */,
			);
			defaultConfigurationIsVisible = 0;
			defaultConfigurationName = Release;
		};
		3E735CA120200FB0000EE1A8 /* Build configuration list for PBXNativeTarget "WHEmptyPageViewDemoTests" */ = {
			isa = XCConfigurationList;
			buildConfigurations = (
				3E735CA220200FB0000EE1A8 /* Debug */,
				3E735CA320200FB0000EE1A8 /* Release */,
			);
			defaultConfigurationIsVisible = 0;
			defaultConfigurationName = Release;
		};
		3E735CA420200FB0000EE1A8 /* Build configuration list for PBXNativeTarget "WHEmptyPageViewDemoUITests" */ = {
			isa = XCConfigurationList;
			buildConfigurations = (
				3E735CA520200FB0000EE1A8 /* Debug */,
				3E735CA620200FB0000EE1A8 /* Release */,
			);
			defaultConfigurationIsVisible = 0;
			defaultConfigurationName = Release;
		};
/* End XCConfigurationList section */
	};
	rootObject = 3E735C6A20200FAF000EE1A8 /* Project object */;
}
